
Microsoft Visual Studio Solution File, Format Version 12.00
# Visual Studio 2012
Project("{2150E333-8FDC-42A3-9474-1A3956D46DE8}") = "Web Server", "Web Server", "{52A60A1F-8B83-438B-8520-2C74F9DC30BA}"
EndProject
Project("{2150E333-8FDC-42A3-9474-1A3956D46DE8}") = "APP Server", "APP Server", "{EEBB7D6F-1C42-4F27-9AC7-58C9C0817869}"
EndProject
Project("{FAE04EC0-301F-11D3-BF4B-00C04F79EFBC}") = "Sample.UI", "Sample.UI\Sample.UI.csproj", "{C229556F-C7C1-4FF8-8313-AEC83460EB4A}"
EndProject
Project("{FAE04EC0-301F-11D3-BF4B-00C04F79EFBC}") = "Sample.UI.Module", "Sample.UI.Module\Sample.UI.Module.csproj", "{87B870EA-C8D2-4F00-BAA2-D24595D744C3}"
EndProject
Project("{FAE04EC0-301F-11D3-BF4B-00C04F79EFBC}") = "Sample.UI.Core", "Sample.UI.Core\Sample.UI.Core.csproj", "{6BDF4547-BBD1-4176-B0F3-AA4360BD7C24}"
EndProject
Project("{FAE04EC0-301F-11D3-BF4B-00C04F79EFBC}") = "Sample.App.Module.Model", "Sample.App.Module.Model\Sample.App.Module.Model.csproj", "{9E66A90E-C92F-49D9-A4D7-1FA860F7B0EB}"
EndProject
Project("{FAE04EC0-301F-11D3-BF4B-00C04F79EFBC}") = "Sample.App.Module.ViewModel", "Sample.App.Module.ViewModel\Sample.App.Module.ViewModel.csproj", "{C49E326D-A3B4-4A01-9371-1836FB36C585}"
EndProject
Project("{FAE04EC0-301F-11D3-BF4B-00C04F79EFBC}") = "Sample.App.Module.Repository", "Sample.App.Module.Repository\Sample.App.Module.Repository.csproj", "{ACF67B95-16D6-43E2-B35D-5E422D09BDE1}"
EndProject
Project("{FAE04EC0-301F-11D3-BF4B-00C04F79EFBC}") = "Sample.App.Module.Controller", "Sample.App.Module.Controller\Sample.App.Module.Controller.csproj", "{BE6CC90D-4734-4797-8D17-875B5701255E}"
EndProject
Project("{FAE04EC0-301F-11D3-BF4B-00C04F79EFBC}") = "Sample.App.Module.Service", "Sample.App.Module.Service\Sample.App.Module.Service.csproj", "{EFF14594-F256-4A1D-8CAA-D6A044B34F4E}"
EndProject
Project("{FAE04EC0-301F-11D3-BF4B-00C04F79EFBC}") = "Sample.App.Module.Proxy", "Sample.App.Module.Proxy\Sample.App.Module.Proxy.csproj", "{20A3C6F8-B9A4-483E-9595-EDD4F6B2726B}"
EndProject
Project("{FAE04EC0-301F-11D3-BF4B-00C04F79EFBC}") = "Sample.App.Core.Model", "Sample.App.Core.Model\Sample.App.Core.Model.csproj", "{B30ABCD9-6CD1-4480-A27F-C27BC2A7214C}"
EndProject
Project("{2150E333-8FDC-42A3-9474-1A3956D46DE8}") = "Module", "Module", "{995C4FE0-9D82-41AE-9617-6BCF486F899A}"
EndProject
Project("{FAE04EC0-301F-11D3-BF4B-00C04F79EFBC}") = "Sample.App.Core.ViewModel", "Sample.App.Core.ViewModel\Sample.App.Core.ViewModel.csproj", "{52E7AB03-2A18-4186-B5AC-CCF546B63819}"
EndProject
Project("{FAE04EC0-301F-11D3-BF4B-00C04F79EFBC}") = "Sample.App.Core.Repository", "Sample.App.Core.Repository\Sample.App.Core.Repository.csproj", "{70A92181-ABD5-406E-97F2-081BBF19B591}"
EndProject
Project("{FAE04EC0-301F-11D3-BF4B-00C04F79EFBC}") = "Sample.App.Core.Controller", "Sample.App.Core.Controller\Sample.App.Core.Controller.csproj", "{39607EE0-F7AA-4E83-BBCB-3B98A5E1DBBB}"
EndProject
Project("{FAE04EC0-301F-11D3-BF4B-00C04F79EFBC}") = "Sample.App.Core.Service", "Sample.App.Core.Service\Sample.App.Core.Service.csproj", "{1DDF08C2-1502-42B8-9FAB-430AE89415BA}"
EndProject
Project("{FAE04EC0-301F-11D3-BF4B-00C04F79EFBC}") = "Sample.App.Core.Proxy", "Sample.App.Core.Proxy\Sample.App.Core.Proxy.csproj", "{596D2E2F-0605-4CED-B3F3-62D226BFB51E}"
EndProject
Project("{2150E333-8FDC-42A3-9474-1A3956D46DE8}") = "Core", "Core", "{12A34D40-BCF7-4F27-B35F-9BB7C919BE79}"
EndProject
Project("{FAE04EC0-301F-11D3-BF4B-00C04F79EFBC}") = "Sample.App.Core.Infrastructure", "Sample.App.Core.Infrastructure\Sample.App.Core.Infrastructure.csproj", "{305D13C3-8D72-4259-9DD0-1851D60FAA81}"
EndProject
Project("{FAE04EC0-301F-11D3-BF4B-00C04F79EFBC}") = "Sample.App.Core.Helper", "Sample.App.Core.Helper\Sample.App.Core.Helper.csproj", "{E3F67B70-E8A2-46EA-ABAD-5EE38A194F2B}"
EndProject
Project("{FAE04EC0-301F-11D3-BF4B-00C04F79EFBC}") = "Sample.UI.Control", "Sample.UI.Control\Sample.UI.Control.csproj", "{8CC97F6F-DAD0-4863-BFB1-BF54606972B3}"
EndProject
Project("{F088123C-0E9E-452A-89E6-6BA2F21D5CAC}") = "Sample.Modeling", "Sample.Modeling\Sample.Modeling.modelproj", "{985AA823-ACEF-491A-A26D-EE42D636BC86}"
EndProject
Global
	GlobalSection(SolutionConfigurationPlatforms) = preSolution
		Debug|Any CPU = Debug|Any CPU
		Release|Any CPU = Release|Any CPU
	EndGlobalSection
	GlobalSection(ProjectConfigurationPlatforms) = postSolution
		{C229556F-C7C1-4FF8-8313-AEC83460EB4A}.Debug|Any CPU.ActiveCfg = Debug|Any CPU
		{C229556F-C7C1-4FF8-8313-AEC83460EB4A}.Debug|Any CPU.Build.0 = Debug|Any CPU
		{C229556F-C7C1-4FF8-8313-AEC83460EB4A}.Release|Any CPU.ActiveCfg = Release|Any CPU
		{C229556F-C7C1-4FF8-8313-AEC83460EB4A}.Release|Any CPU.Build.0 = Release|Any CPU
		{87B870EA-C8D2-4F00-BAA2-D24595D744C3}.Debug|Any CPU.ActiveCfg = Debug|Any CPU
		{87B870EA-C8D2-4F00-BAA2-D24595D744C3}.Debug|Any CPU.Build.0 = Debug|Any CPU
		{87B870EA-C8D2-4F00-BAA2-D24595D744C3}.Release|Any CPU.ActiveCfg = Release|Any CPU
		{87B870EA-C8D2-4F00-BAA2-D24595D744C3}.Release|Any CPU.Build.0 = Release|Any CPU
		{6BDF4547-BBD1-4176-B0F3-AA4360BD7C24}.Debug|Any CPU.ActiveCfg = Debug|Any CPU
		{6BDF4547-BBD1-4176-B0F3-AA4360BD7C24}.Debug|Any CPU.Build.0 = Debug|Any CPU
		{6BDF4547-BBD1-4176-B0F3-AA4360BD7C24}.Release|Any CPU.ActiveCfg = Release|Any CPU
		{6BDF4547-BBD1-4176-B0F3-AA4360BD7C24}.Release|Any CPU.Build.0 = Release|Any CPU
		{9E66A90E-C92F-49D9-A4D7-1FA860F7B0EB}.Debug|Any CPU.ActiveCfg = Debug|Any CPU
		{9E66A90E-C92F-49D9-A4D7-1FA860F7B0EB}.Debug|Any CPU.Build.0 = Debug|Any CPU
		{9E66A90E-C92F-49D9-A4D7-1FA860F7B0EB}.Release|Any CPU.ActiveCfg = Release|Any CPU
		{9E66A90E-C92F-49D9-A4D7-1FA860F7B0EB}.Release|Any CPU.Build.0 = Release|Any CPU
		{C49E326D-A3B4-4A01-9371-1836FB36C585}.Debug|Any CPU.ActiveCfg = Debug|Any CPU
		{C49E326D-A3B4-4A01-9371-1836FB36C585}.Debug|Any CPU.Build.0 = Debug|Any CPU
		{C49E326D-A3B4-4A01-9371-1836FB36C585}.Release|Any CPU.ActiveCfg = Release|Any CPU
		{C49E326D-A3B4-4A01-9371-1836FB36C585}.Release|Any CPU.Build.0 = Release|Any CPU
		{ACF67B95-16D6-43E2-B35D-5E422D09BDE1}.Debug|Any CPU.ActiveCfg = Debug|Any CPU
		{ACF67B95-16D6-43E2-B35D-5E422D09BDE1}.Debug|Any CPU.Build.0 = Debug|Any CPU
		{ACF67B95-16D6-43E2-B35D-5E422D09BDE1}.Release|Any CPU.ActiveCfg = Release|Any CPU
		{ACF67B95-16D6-43E2-B35D-5E422D09BDE1}.Release|Any CPU.Build.0 = Release|Any CPU
		{BE6CC90D-4734-4797-8D17-875B5701255E}.Debug|Any CPU.ActiveCfg = Debug|Any CPU
		{BE6CC90D-4734-4797-8D17-875B5701255E}.Debug|Any CPU.Build.0 = Debug|Any CPU
		{BE6CC90D-4734-4797-8D17-875B5701255E}.Release|Any CPU.ActiveCfg = Release|Any CPU
		{BE6CC90D-4734-4797-8D17-875B5701255E}.Release|Any CPU.Build.0 = Release|Any CPU
		{EFF14594-F256-4A1D-8CAA-D6A044B34F4E}.Debug|Any CPU.ActiveCfg = Debug|Any CPU
		{EFF14594-F256-4A1D-8CAA-D6A044B34F4E}.Debug|Any CPU.Build.0 = Debug|Any CPU
		{EFF14594-F256-4A1D-8CAA-D6A044B34F4E}.Release|Any CPU.ActiveCfg = Release|Any CPU
		{EFF14594-F256-4A1D-8CAA-D6A044B34F4E}.Release|Any CPU.Build.0 = Release|Any CPU
		{20A3C6F8-B9A4-483E-9595-EDD4F6B2726B}.Debug|Any CPU.ActiveCfg = Debug|Any CPU
		{20A3C6F8-B9A4-483E-9595-EDD4F6B2726B}.Debug|Any CPU.Build.0 = Debug|Any CPU
		{20A3C6F8-B9A4-483E-9595-EDD4F6B2726B}.Release|Any CPU.ActiveCfg = Release|Any CPU
		{20A3C6F8-B9A4-483E-9595-EDD4F6B2726B}.Release|Any CPU.Build.0 = Release|Any CPU
		{B30ABCD9-6CD1-4480-A27F-C27BC2A7214C}.Debug|Any CPU.ActiveCfg = Debug|Any CPU
		{B30ABCD9-6CD1-4480-A27F-C27BC2A7214C}.Debug|Any CPU.Build.0 = Debug|Any CPU
		{B30ABCD9-6CD1-4480-A27F-C27BC2A7214C}.Release|Any CPU.ActiveCfg = Release|Any CPU
		{B30ABCD9-6CD1-4480-A27F-C27BC2A7214C}.Release|Any CPU.Build.0 = Release|Any CPU
		{52E7AB03-2A18-4186-B5AC-CCF546B63819}.Debug|Any CPU.ActiveCfg = Debug|Any CPU
		{52E7AB03-2A18-4186-B5AC-CCF546B63819}.Debug|Any CPU.Build.0 = Debug|Any CPU
		{52E7AB03-2A18-4186-B5AC-CCF546B63819}.Release|Any CPU.ActiveCfg = Release|Any CPU
		{52E7AB03-2A18-4186-B5AC-CCF546B63819}.Release|Any CPU.Build.0 = Release|Any CPU
		{70A92181-ABD5-406E-97F2-081BBF19B591}.Debug|Any CPU.ActiveCfg = Debug|Any CPU
		{70A92181-ABD5-406E-97F2-081BBF19B591}.Debug|Any CPU.Build.0 = Debug|Any CPU
		{70A92181-ABD5-406E-97F2-081BBF19B591}.Release|Any CPU.ActiveCfg = Release|Any CPU
		{70A92181-ABD5-406E-97F2-081BBF19B591}.Release|Any CPU.Build.0 = Release|Any CPU
		{39607EE0-F7AA-4E83-BBCB-3B98A5E1DBBB}.Debug|Any CPU.ActiveCfg = Debug|Any CPU
		{39607EE0-F7AA-4E83-BBCB-3B98A5E1DBBB}.Debug|Any CPU.Build.0 = Debug|Any CPU
		{39607EE0-F7AA-4E83-BBCB-3B98A5E1DBBB}.Release|Any CPU.ActiveCfg = Release|Any CPU
		{39607EE0-F7AA-4E83-BBCB-3B98A5E1DBBB}.Release|Any CPU.Build.0 = Release|Any CPU
		{1DDF08C2-1502-42B8-9FAB-430AE89415BA}.Debug|Any CPU.ActiveCfg = Debug|Any CPU
		{1DDF08C2-1502-42B8-9FAB-430AE89415BA}.Debug|Any CPU.Build.0 = Debug|Any CPU
		{1DDF08C2-1502-42B8-9FAB-430AE89415BA}.Release|Any CPU.ActiveCfg = Release|Any CPU
		{1DDF08C2-1502-42B8-9FAB-430AE89415BA}.Release|Any CPU.Build.0 = Release|Any CPU
		{596D2E2F-0605-4CED-B3F3-62D226BFB51E}.Debug|Any CPU.ActiveCfg = Debug|Any CPU
		{596D2E2F-0605-4CED-B3F3-62D226BFB51E}.Debug|Any CPU.Build.0 = Debug|Any CPU
		{596D2E2F-0605-4CED-B3F3-62D226BFB51E}.Release|Any CPU.ActiveCfg = Release|Any CPU
		{596D2E2F-0605-4CED-B3F3-62D226BFB51E}.Release|Any CPU.Build.0 = Release|Any CPU
		{305D13C3-8D72-4259-9DD0-1851D60FAA81}.Debug|Any CPU.ActiveCfg = Debug|Any CPU
		{305D13C3-8D72-4259-9DD0-1851D60FAA81}.Debug|Any CPU.Build.0 = Debug|Any CPU
		{305D13C3-8D72-4259-9DD0-1851D60FAA81}.Release|Any CPU.ActiveCfg = Release|Any CPU
		{305D13C3-8D72-4259-9DD0-1851D60FAA81}.Release|Any CPU.Build.0 = Release|Any CPU
		{E3F67B70-E8A2-46EA-ABAD-5EE38A194F2B}.Debug|Any CPU.ActiveCfg = Debug|Any CPU
		{E3F67B70-E8A2-46EA-ABAD-5EE38A194F2B}.Debug|Any CPU.Build.0 = Debug|Any CPU
		{E3F67B70-E8A2-46EA-ABAD-5EE38A194F2B}.Release|Any CPU.ActiveCfg = Release|Any CPU
		{E3F67B70-E8A2-46EA-ABAD-5EE38A194F2B}.Release|Any CPU.Build.0 = Release|Any CPU
		{8CC97F6F-DAD0-4863-BFB1-BF54606972B3}.Debug|Any CPU.ActiveCfg = Debug|Any CPU
		{8CC97F6F-DAD0-4863-BFB1-BF54606972B3}.Debug|Any CPU.Build.0 = Debug|Any CPU
		{8CC97F6F-DAD0-4863-BFB1-BF54606972B3}.Release|Any CPU.ActiveCfg = Release|Any CPU
		{8CC97F6F-DAD0-4863-BFB1-BF54606972B3}.Release|Any CPU.Build.0 = Release|Any CPU
		{985AA823-ACEF-491A-A26D-EE42D636BC86}.Debug|Any CPU.ActiveCfg = Debug|Any CPU
		{985AA823-ACEF-491A-A26D-EE42D636BC86}.Debug|Any CPU.Build.0 = Debug|Any CPU
		{985AA823-ACEF-491A-A26D-EE42D636BC86}.Release|Any CPU.ActiveCfg = Release|Any CPU
		{985AA823-ACEF-491A-A26D-EE42D636BC86}.Release|Any CPU.Build.0 = Release|Any CPU
	EndGlobalSection
	GlobalSection(SolutionProperties) = preSolution
		HideSolutionNode = FALSE
	EndGlobalSection
	GlobalSection(NestedProjects) = preSolution
		{C229556F-C7C1-4FF8-8313-AEC83460EB4A} = {52A60A1F-8B83-438B-8520-2C74F9DC30BA}
		{87B870EA-C8D2-4F00-BAA2-D24595D744C3} = {52A60A1F-8B83-438B-8520-2C74F9DC30BA}
		{6BDF4547-BBD1-4176-B0F3-AA4360BD7C24} = {52A60A1F-8B83-438B-8520-2C74F9DC30BA}
		{8CC97F6F-DAD0-4863-BFB1-BF54606972B3} = {52A60A1F-8B83-438B-8520-2C74F9DC30BA}
		{995C4FE0-9D82-41AE-9617-6BCF486F899A} = {EEBB7D6F-1C42-4F27-9AC7-58C9C0817869}
		{12A34D40-BCF7-4F27-B35F-9BB7C919BE79} = {EEBB7D6F-1C42-4F27-9AC7-58C9C0817869}
		{BE6CC90D-4734-4797-8D17-875B5701255E} = {995C4FE0-9D82-41AE-9617-6BCF486F899A}
		{9E66A90E-C92F-49D9-A4D7-1FA860F7B0EB} = {995C4FE0-9D82-41AE-9617-6BCF486F899A}
		{20A3C6F8-B9A4-483E-9595-EDD4F6B2726B} = {995C4FE0-9D82-41AE-9617-6BCF486F899A}
		{ACF67B95-16D6-43E2-B35D-5E422D09BDE1} = {995C4FE0-9D82-41AE-9617-6BCF486F899A}
		{EFF14594-F256-4A1D-8CAA-D6A044B34F4E} = {995C4FE0-9D82-41AE-9617-6BCF486F899A}
		{C49E326D-A3B4-4A01-9371-1836FB36C585} = {995C4FE0-9D82-41AE-9617-6BCF486F899A}
		{39607EE0-F7AA-4E83-BBCB-3B98A5E1DBBB} = {12A34D40-BCF7-4F27-B35F-9BB7C919BE79}
		{B30ABCD9-6CD1-4480-A27F-C27BC2A7214C} = {12A34D40-BCF7-4F27-B35F-9BB7C919BE79}
		{596D2E2F-0605-4CED-B3F3-62D226BFB51E} = {12A34D40-BCF7-4F27-B35F-9BB7C919BE79}
		{70A92181-ABD5-406E-97F2-081BBF19B591} = {12A34D40-BCF7-4F27-B35F-9BB7C919BE79}
		{1DDF08C2-1502-42B8-9FAB-430AE89415BA} = {12A34D40-BCF7-4F27-B35F-9BB7C919BE79}
		{52E7AB03-2A18-4186-B5AC-CCF546B63819} = {12A34D40-BCF7-4F27-B35F-9BB7C919BE79}
		{305D13C3-8D72-4259-9DD0-1851D60FAA81} = {12A34D40-BCF7-4F27-B35F-9BB7C919BE79}
		{E3F67B70-E8A2-46EA-ABAD-5EE38A194F2B} = {12A34D40-BCF7-4F27-B35F-9BB7C919BE79}
	EndGlobalSection
EndGlobal
